<Solution>
  <Project Path="Game.Api.Tests/Game.Api.Tests.csproj" />
  <Project Path="Game.Api/Game.Api.csproj" />
  <Project Path="Game.Infrastructure/Game.Infrastructure.csproj" />
  <Project Path="Game.IntegrationTests/Game.IntegrationTests.csproj" />
  <Project Path="Game.ServerManagement/Game.ServerManagement.csproj" />
  <Project Path="Game.ServerManagement.Tests/Game.ServerManagement.Tests.csproj" />
  <Project Path="Game.Shared/Game.Shared.csproj" />
  <Project Path="Game.Worker/Game.Worker.csproj" />
</Solution>
